// !$*UTF8*$!
{
	archiveVersion = 1;
	classes = {
	};
	objectVersion = 56;
	objects = {

/* Begin PBXBuildFile section */
		440B91A12A62CA52005DC20F /* TillTotalApp.swift in Sources */ = {isa = PBXBuildFile; fileRef = 440B91A02A62CA52005DC20F /* TillTotalApp.swift */; };
		440B91A32A62CA52005DC20F /* ContentView.swift in Sources */ = {isa = PBXBuildFile; fileRef = 440B91A22A62CA52005DC20F /* ContentView.swift */; };
		440B91A52A62CA53005DC20F /* Assets.xcassets in Resources */ = {isa = PBXBuildFile; fileRef = 440B91A42A62CA53005DC20F /* Assets.xcassets */; };
		440B91A82A62CA53005DC20F /* Preview Assets.xcassets in Resources */ = {isa = PBXBuildFile; fileRef = 440B91A72A62CA53005DC20F /* Preview Assets.xcassets */; };
		440B91B22A62CA53005DC20F /* TillTotalTests.swift in Sources */ = {isa = PBXBuildFile; fileRef = 440B91B12A62CA53005DC20F /* TillTotalTests.swift */; };
/* End PBXBuildFile section */

/* Begin PBXContainerItemProxy section */
		440B91AE2A62CA53005DC20F /* PBXContainerItemProxy */ = {
			isa = PBXContainerItemProxy;
			containerPortal = 440B91952A62CA52005DC20F /* Project object */;
			proxyType = 1;
			remoteGlobalIDString = 440B919C2A62CA52005DC20F;
			remoteInfo = TillTotal;
		};
/* End PBXContainerItemProxy section */

/* Begin PBXFileReference section */
		440B919D2A62CA52005DC20F /* TillTotal.app */ = {isa = PBXFileReference; explicitFileType = wrapper.application; includeInIndex = 0; path = TillTotal.app; sourceTree = BUILT_PRODUCTS_DIR; };
		440B91A02A62CA52005DC20F /* TillTotalApp.swift */ = {isa = PBXFileReference; lastKnownFileType = sourcecode.swift; path = TillTotalApp.swift; sourceTree = "<group>"; };
		440B91A22A62CA52005DC20F /* ContentView.swift */ = {isa = PBXFileReference; lastKnownFileType = sourcecode.swift; path = ContentView.swift; sourceTree = "<group>"; };
		440B91A42A62CA53005DC20F /* Assets.xcassets */ = {isa = PBXFileReference; lastKnownFileType = folder.assetcatalog; path = Assets.xcassets; sourceTree = "<group>"; };
		440B91A72A62CA53005DC20F /* Preview Assets.xcassets */ = {isa = PBXFileReference; lastKnownFileType = folder.assetcatalog; path = "Preview Assets.xcassets"; sourceTree = "<group>"; };
		440B91AD2A62CA53005DC20F /* TillTotalTests.xctest */ = {isa = PBXFileReference; explicitFileType = wrapper.cfbundle; includeInIndex = 0; path = TillTotalTests.xctest; sourceTree = BUILT_PRODUCTS_DIR; };
		440B91B12A62CA53005DC20F /* TillTotalTests.swift */ = {isa = PBXFileReference; lastKnownFileType = sourcecode.swift; path = TillTotalTests.swift; sourceTree = "<group>"; };
/* End PBXFileReference section */

/* Begin PBXFrameworksBuildPhase section */
		440B919A2A62CA52005DC20F /* Frameworks */ = {
			isa = PBXFrameworksBuildPhase;
			buildActionMask = 2147483647;
			files = (
			);
			runOnlyForDeploymentPostprocessing = 0;
		};
		440B91AA2A62CA53005DC20F /* Frameworks */ = {
			isa = PBXFrameworksBuildPhase;
			buildActionMask = 2147483647;
			files = (
			);
			runOnlyForDeploymentPostprocessing = 0;
		};
/* End PBXFrameworksBuildPhase section */

/* Begin PBXGroup section */
		440B91942A62CA52005DC20F = {
			isa = PBXGroup;
			children = (
				440B919F2A62CA52005DC20F /* TillTotal */,
				440B91B02A62CA53005DC20F /* TillTotalTests */,
				440B919E2A62CA52005DC20F /* Products */,
			);
			sourceTree = "<group>";
		};
		440B919E2A62CA52005DC20F /* Products */ = {
			isa = PBXGroup;
			children = (
				440B919D2A62CA52005DC20F /* TillTotal.app */,
				440B91AD2A62CA53005DC20F /* TillTotalTests.xctest */,
			);
			name = Products;
			sourceTree = "<group>";
		};
		440B919F2A62CA52005DC20F /* TillTotal */ = {
			isa = PBXGroup;
			children = (
				440B91A02A62CA52005DC20F /* TillTotalApp.swift */,
				440B91A22A62CA52005DC20F /* ContentView.swift */,
				440B91A42A62CA53005DC20F /* Assets.xcassets */,
				440B91A62A62CA53005DC20F /* Preview Content */,
			);
			path = TillTotal;
			sourceTree = "<group>";
		};
		440B91A62A62CA53005DC20F /* Preview Content */ = {
			isa = PBXGroup;
			children = (
				440B91A72A62CA53005DC20F /* Preview Assets.xcassets */,
			);
			path = "Preview Content";
			sourceTree = "<group>";
		};
		440B91B02A62CA53005DC20F /* TillTotalTests */ = {
			isa = PBXGroup;
			children = (
				440B91B12A62CA53005DC20F /* TillTotalTests.swift */,
			);
			path = TillTotalTests;
			sourceTree = "<group>";
		};
/* End PBXGroup section */

/* Begin PBXNativeTarget section */
		440B919C2A62CA52005DC20F /* TillTotal */ = {
			isa = PBXNativeTarget;
			buildConfigurationList = 440B91C12A62CA53005DC20F /* Build configuration list for PBXNativeTarget "TillTotal" */;
			buildPhases = (
				440B91992A62CA52005DC20F /* Sources */,
				440B919A2A62CA52005DC20F /* Frameworks */,
				440B919B2A62CA52005DC20F /* Resources */,
			);
			buildRules = (
			);
			dependencies = (
			);
			name = TillTotal;
			productName = TillTotal;
			productReference = 440B919D2A62CA52005DC20F /* TillTotal.app */;
			productType = "com.apple.product-type.application";
		};
		440B91AC2A62CA53005DC20F /* TillTotalTests */ = {
			isa = PBXNativeTarget;
			buildConfigurationList = 440B91C42A62CA53005DC20F /* Build configuration list for PBXNativeTarget "TillTotalTests" */;
			buildPhases = (
				440B91A92A62CA53005DC20F /* Sources */,
				440B91AA2A62CA53005DC20F /* Frameworks */,
				440B91AB2A62CA53005DC20F /* Resources */,
			);
			buildRules = (
			);
			dependencies = (
				440B91AF2A62CA53005DC20F /* PBXTargetDependency */,
			);
			name = TillTotalTests;
			productName = TillTotalTests;
			productReference = 440B91AD2A62CA53005DC20F /* TillTotalTests.xctest */;
			productType = "com.apple.product-type.bundle.unit-test";
		};
/* End PBXNativeTarget section */

/* Begin PBXProject section */
		440B91952A62CA52005DC20F /* Project object */ = {
			isa = PBXProject;
			attributes = {
				BuildIndependentTargetsInParallel = 1;
				LastSwiftUpdateCheck = 1420;
				LastUpgradeCheck = 1420;
				TargetAttributes = {
					440B919C2A62CA52005DC20F = {
						CreatedOnToolsVersion = 14.2;
					};
					440B91AC2A62CA53005DC20F = {
						CreatedOnToolsVersion = 14.2;
						TestTargetID = 440B919C2A62CA52005DC20F;
					};
				};
			};
			buildConfigurationList = 440B91982A62CA52005DC20F /* Build configuration list for PBXProject "TillTotal" */;
			compatibilityVersion = "Xcode 14.0";
			developmentRegion = en;
			hasScannedForEncodings = 0;
			knownRegions = (
				en,
				Base,
			);
			mainGroup = 440B91942A62CA52005DC20F;
			productRefGroup = 440B919E2A62CA52005DC20F /* Products */;
			projectDirPath = "";
			projectRoot = "";
			targets = (
				440B919C2A62CA52005DC20F /* TillTotal */,
				440B91AC2A62CA53005DC20F /* TillTotalTests */,
			);
		};
/* End PBXProject section */

/* Begin PBXResourcesBuildPhase section */
		440B919B2A62CA52005DC20F /* Resources */ = {
			isa = PBXResourcesBuildPhase;
			buildActionMask = 2147483647;
			files = (
				440B91A82A62CA53005DC20F /* Preview Assets.xcassets in Resources */,
				440B91A52A62CA53005DC20F /* Assets.xcassets in Resources */,
			);
			runOnlyForDeploymentPostprocessing = 0;
		};
		440B91AB2A62CA53005DC20F /* Resources */ = {
			isa = PBXResourcesBuildPhase;
			buildActionMask = 2147483647;
			files = (
			);
			runOnlyForDeploymentPostprocessing = 0;
		};
/* End PBXResourcesBuildPhase section */

/* Begin PBXSourcesBuildPhase section */
		440B91992A62CA52005DC20F /* Sources */ = {
			isa = PBXSourcesBuildPhase;
			buildActionMask = 2147483647;
			files = (
				440B91A32A62CA52005DC20F /* ContentView.swift in Sources */,
				440B91A12A62CA52005DC20F /* TillTotalApp.swift in Sources */,
			);
			runOnlyForDeploymentPostprocessing = 0;
		};
		440B91A92A62CA53005DC20F /* Sources */ = {
			isa = PBXSourcesBuildPhase;
			buildActionMask = 2147483647;
			files = (
				440B91B22A62CA53005DC20F /* TillTotalTests.swift in Sources */,
			);
			runOnlyForDeploymentPostprocessing = 0;
		};
/* End PBXSourcesBuildPhase section */

/* Begin PBXTargetDependency section */
		440B91AF2A62CA53005DC20F /* PBXTargetDependency */ = {
			isa = PBXTargetDependency;
			target = 440B919C2A62CA52005DC20F /* TillTotal */;
			targetProxy = 440B91AE2A62CA53005DC20F /* PBXContainerItemProxy */;
		};
/* End PBXTargetDependency section */

/* Begin XCBuildConfiguration section */
		440B91BF2A62CA53005DC20F /* Debug */ = {
			isa = XCBuildConfiguration;
			buildSettings = {
				ALWAYS_SEARCH_USER_PATHS = NO;
				CLANG_ANALYZER_NONNULL = YES;
				CLANG_ANALYZER_NUMBER_OBJECT_CONVERSION = YES_AGGRESSIVE;
				CLANG_CXX_LANGUAGE_STANDARD = "gnu++20";
				CLANG_ENABLE_MODULES = YES;
				CLANG_ENABLE_OBJC_ARC = YES;
				CLANG_ENABLE_OBJC_WEAK = YES;
				CLANG_WARN_BLOCK_CAPTURE_AUTORELEASING = YES;
				CLANG_WARN_BOOL_CONVERSION = YES;
				CLANG_WARN_COMMA = YES;
				CLANG_WARN_CONSTANT_CONVERSION = YES;
				CLANG_WARN_DEPRECATED_OBJC_IMPLEMENTATIONS = YES;
				CLANG_WARN_DIRECT_OBJC_ISA_USAGE = YES_ERROR;
				CLANG_WARN_DOCUMENTATION_COMMENTS = YES;
				CLANG_WARN_EMPTY_BODY = YES;
				CLANG_WARN_ENUM_CONVERSION = YES;
				CLANG_WARN_INFINITE_RECURSION = YES;
				CLANG_WARN_INT_CONVERSION = YES;
				CLANG_WARN_NON_LITERAL_NULL_CONVERSION = YES;
				CLANG_WARN_OBJC_IMPLICIT_RETAIN_SELF = YES;
				CLANG_WARN_OBJC_LITERAL_CONVERSION = YES;
				CLANG_WARN_OBJC_ROOT_CLASS = YES_ERROR;
				CLANG_WARN_QUOTED_INCLUDE_IN_FRAMEWORK_HEADER = YES;
				CLANG_WARN_RANGE_LOOP_ANALYSIS = YES;
				CLANG_WARN_STRICT_PROTOTYPES = YES;
				CLANG_WARN_SUSPICIOUS_MOVE = YES;
				CLANG_WARN_UNGUARDED_AVAILABILITY = YES_AGGRESSIVE;
				CLANG_WARN_UNREACHABLE_CODE = YES;
				CLANG_WARN__DUPLICATE_METHOD_MATCH = YES;
				COPY_PHASE_STRIP = NO;
				DEBUG_INFORMATION_FORMAT = dwarf;
				ENABLE_STRICT_OBJC_MSGSEND = YES;
				ENABLE_TESTABILITY = YES;
				GCC_C_LANGUAGE_STANDARD = gnu11;
				GCC_DYNAMIC_NO_PIC = NO;
				GCC_NO_COMMON_BLOCKS = YES;
				GCC_OPTIMIZATION_LEVEL = 0;
				GCC_PREPROCESSOR_DEFINITIONS = (
					"DEBUG=1",
					"$(inherited)",
				);
				GCC_WARN_64_TO_32_BIT_CONVERSION = YES;
				GCC_WARN_ABOUT_RETURN_TYPE = YES_ERROR;
				GCC_WARN_UNDECLARED_SELECTOR = YES;
				GCC_WARN_UNINITIALIZED_AUTOS = YES_AGGRESSIVE;
				GCC_WARN_UNUSED_FUNCTION = YES;
				GCC_WARN_UNUSED_VARIABLE = YES;
				IPHONEOS_DEPLOYMENT_TARGET = 16.2;
				MTL_ENABLE_DEBUG_INFO = INCLUDE_SOURCE;
				MTL_FAST_MATH = YES;
				ONLY_ACTIVE_ARCH = YES;
				SDKROOT = iphoneos;
				SWIFT_ACTIVE_COMPILATION_CONDITIONS = DEBUG;
				SWIFT_OPTIMIZATION_LEVEL = "-Onone";
			};
			name = Debug;
		};
		440B91C02A62CA53005DC20F /* Release */ = {
			isa = XCBuildConfiguration;
			buildSettings = {
				ALWAYS_SEARCH_USER_PATHS = NO;
				CLANG_ANALYZER_NONNULL = YES;
				CLANG_ANALYZER_NUMBER_OBJECT_CONVERSION = YES_AGGRESSIVE;
				CLANG_CXX_LANGUAGE_STANDARD = "gnu++20";
				CLANG_ENABLE_MODULES = YES;
				CLANG_ENABLE_OBJC_ARC = YES;
				CLANG_ENABLE_OBJC_WEAK = YES;
				CLANG_WARN_BLOCK_CAPTURE_AUTORELEASING = YES;
				CLANG_WARN_BOOL_CONVERSION = YES;
				CLANG_WARN_COMMA = YES;
				CLANG_WARN_CONSTANT_CONVERSION = YES;
				CLANG_WARN_DEPRECATED_OBJC_IMPLEMENTATIONS = YES;
				CLANG_WARN_DIRECT_OBJC_ISA_USAGE = YES_ERROR;
				CLANG_WARN_DOCUMENTATION_COMMENTS = YES;
				CLANG_WARN_EMPTY_BODY = YES;
				CLANG_WARN_ENUM_CONVERSION = YES;
				CLANG_WARN_INFINITE_RECURSION = YES;
				CLANG_WARN_INT_CONVERSION = YES;
				CLANG_WARN_NON_LITERAL_NULL_CONVERSION = YES;
				CLANG_WARN_OBJC_IMPLICIT_RETAIN_SELF = YES;
				CLANG_WARN_OBJC_LITERAL_CONVERSION = YES;
				CLANG_WARN_OBJC_ROOT_CLASS = YES_ERROR;
				CLANG_WARN_QUOTED_INCLUDE_IN_FRAMEWORK_HEADER = YES;
				CLANG_WARN_RANGE_LOOP_ANALYSIS = YES;
				CLANG_WARN_STRICT_PROTOTYPES = YES;
				CLANG_WARN_SUSPICIOUS_MOVE = YES;
				CLANG_WARN_UNGUARDED_AVAILABILITY = YES_AGGRESSIVE;
				CLANG_WARN_UNREACHABLE_CODE = YES;
				CLANG_WARN__DUPLICATE_METHOD_MATCH = YES;
				COPY_PHASE_STRIP = NO;
				DEBUG_INFORMATION_FORMAT = "dwarf-with-dsym";
				ENABLE_NS_ASSERTIONS = NO;
				ENABLE_STRICT_OBJC_MSGSEND = YES;
				GCC_C_LANGUAGE_STANDARD = gnu11;
				GCC_NO_COMMON_BLOCKS = YES;
				GCC_WARN_64_TO_32_BIT_CONVERSION = YES;
				GCC_WARN_ABOUT_RETURN_TYPE = YES_ERROR;
				GCC_WARN_UNDECLARED_SELECTOR = YES;
				GCC_WARN_UNINITIALIZED_AUTOS = YES_AGGRESSIVE;
				GCC_WARN_UNUSED_FUNCTION = YES;
				GCC_WARN_UNUSED_VARIABLE = YES;
				IPHONEOS_DEPLOYMENT_TARGET = 16.2;
				MTL_ENABLE_DEBUG_INFO = NO;
				MTL_FAST_MATH = YES;
				SDKROOT = iphoneos;
				SWIFT_COMPILATION_MODE = wholemodule;
				SWIFT_OPTIMIZATION_LEVEL = "-O";
				VALIDATE_PRODUCT = YES;
			};
			name = Release;
		};
		440B91C22A62CA53005DC20F /* Debug */ = {
			isa = XCBuildConfiguration;
			buildSettings = {
				ASSETCATALOG_COMPILER_APPICON_NAME = AppIcon;
				ASSETCATALOG_COMPILER_GLOBAL_ACCENT_COLOR_NAME = AccentColor;
				CODE_SIGN_STYLE = Automatic;
				CURRENT_PROJECT_VERSION = 1;
				DEVELOPMENT_ASSET_PATHS = "\"TillTotal/Preview Content\"";
				DEVELOPMENT_TEAM = WY6T4Q2269;
				ENABLE_PREVIEWS = YES;
				GENERATE_INFOPLIST_FILE = YES;
				INFOPLIST_KEY_UIApplicationSceneManifest_Generation = YES;
				INFOPLIST_KEY_UIApplicationSupportsIndirectInputEvents = YES;
				INFOPLIST_KEY_UILaunchScreen_Generation = YES;
				INFOPLIST_KEY_UISupportedInterfaceOrientations_iPad = "UIInterfaceOrientationPortrait UIInterfaceOrientationPortraitUpsideDown UIInterfaceOrientationLandscapeLeft UIInterfaceOrientationLandscapeRight";
				INFOPLIST_KEY_UISupportedInterfaceOrientations_iPhone = "UIInterfaceOrientationPortrait UIInterfaceOrientationLandscapeLeft UIInterfaceOrientationLandscapeRight";
				LD_RUNPATH_SEARCH_PATHS = (
					"$(inherited)",
					"@executable_path/Frameworks",
				);
				MARKETING_VERSION = 1.0;
				PRODUCT_BUNDLE_IDENTIFIER = com.samkry.TillTotal;
				PRODUCT_NAME = "$(TARGET_NAME)";
				SWIFT_EMIT_LOC_STRINGS = YES;
				SWIFT_VERSION = 5.0;
				TARGETED_DEVICE_FAMILY = "1,2";
			};
			name = Debug;
		};
		440B91C32A62CA53005DC20F /* Release */ = {
			isa = XCBuildConfiguration;
			buildSettings = {
				ASSETCATALOG_COMPILER_APPICON_NAME = AppIcon;
				ASSETCATALOG_COMPILER_GLOBAL_ACCENT_COLOR_NAME = AccentColor;
				CODE_SIGN_STYLE = Automatic;
				CURRENT_PROJECT_VERSION = 1;
				DEVELOPMENT_ASSET_PATHS = "\"TillTotal/Preview Content\"";
				DEVELOPMENT_TEAM = WY6T4Q2269;
				ENABLE_PREVIEWS = YES;
				GENERATE_INFOPLIST_FILE = YES;
				INFOPLIST_KEY_UIApplicationSceneManifest_Generation = YES;
				INFOPLIST_KEY_UIApplicationSupportsIndirectInputEvents = YES;
				INFOPLIST_KEY_UILaunchScreen_Generation = YES;
				INFOPLIST_KEY_UISupportedInterfaceOrientations_iPad = "UIInterfaceOrientationPortrait UIInterfaceOrientationPortraitUpsideDown UIInterfaceOrientationLandscapeLeft UIInterfaceOrientationLandscapeRight";
				INFOPLIST_KEY_UISupportedInterfaceOrientations_iPhone = "UIInterfaceOrientationPortrait UIInterfaceOrientationLandscapeLeft UIInterfaceOrientationLandscapeRight";
				LD_RUNPATH_SEARCH_PATHS = (
					"$(inherited)",
					"@executable_path/Frameworks",
				);
				MARKETING_VERSION = 1.0;
				PRODUCT_BUNDLE_IDENTIFIER = com.samkry.TillTotal;
				PRODUCT_NAME = "$(TARGET_NAME)";
				SWIFT_EMIT_LOC_STRINGS = YES;
				SWIFT_VERSION = 5.0;
				TARGETED_DEVICE_FAMILY = "1,2";
			};
			name = Release;
		};
		440B91C52A62CA53005DC20F /* Debug */ = {
			isa = XCBuildConfiguration;
			buildSettings = {
				ALWAYS_EMBED_SWIFT_STANDARD_LIBRARIES = YES;
				BUNDLE_LOADER = "$(TEST_HOST)";
				CODE_SIGN_STYLE = Automatic;
				CURRENT_PROJECT_VERSION = 1;
				DEVELOPMENT_TEAM = WY6T4Q2269;
				GENERATE_INFOPLIST_FILE = YES;
				IPHONEOS_DEPLOYMENT_TARGET = 16.2;
				MARKETING_VERSION = 1.0;
				PRODUCT_BUNDLE_IDENTIFIER = com.samkry.TillTotalTests;
				PRODUCT_NAME = "$(TARGET_NAME)";
				SWIFT_EMIT_LOC_STRINGS = NO;
				SWIFT_VERSION = 5.0;
				TARGETED_DEVICE_FAMILY = "1,2";
				TEST_HOST = "$(BUILT_PRODUCTS_DIR)/TillTotal.app/$(BUNDLE_EXECUTABLE_FOLDER_PATH)/TillTotal";
			};
			name = Debug;
		};
		440B91C62A62CA53005DC20F /* Release */ = {
			isa = XCBuildConfiguration;
			buildSettings = {
				ALWAYS_EMBED_SWIFT_STANDARD_LIBRARIES = YES;
				BUNDLE_LOADER = "$(TEST_HOST)";
				CODE_SIGN_STYLE = Automatic;
				CURRENT_PROJECT_VERSION = 1;
				DEVELOPMENT_TEAM = WY6T4Q2269;
				GENERATE_INFOPLIST_FILE = YES;
				IPHONEOS_DEPLOYMENT_TARGET = 16.2;
				MARKETING_VERSION = 1.0;
				PRODUCT_BUNDLE_IDENTIFIER = com.samkry.TillTotalTests;
				PRODUCT_NAME = "$(TARGET_NAME)";
				SWIFT_EMIT_LOC_STRINGS = NO;
				SWIFT_VERSION = 5.0;
				TARGETED_DEVICE_FAMILY = "1,2";
				TEST_HOST = "$(BUILT_PRODUCTS_DIR)/TillTotal.app/$(BUNDLE_EXECUTABLE_FOLDER_PATH)/TillTotal";
			};
			name = Release;
		};
/* End XCBuildConfiguration section */

/* Begin XCConfigurationList section */
		440B91982A62CA52005DC20F /* Build configuration list for PBXProject "TillTotal" */ = {
			isa = XCConfigurationList;
			buildConfigurations = (
				440B91BF2A62CA53005DC20F /* Debug */,
				440B91C02A62CA53005DC20F /* Release */,
			);
			defaultConfigurationIsVisible = 0;
			defaultConfigurationName = Release;
		};
		440B91C12A62CA53005DC20F /* Build configuration list for PBXNativeTarget "TillTotal" */ = {
			isa = XCConfigurationList;
			buildConfigurations = (
				440B91C22A62CA53005DC20F /* Debug */,
				440B91C32A62CA53005DC20F /* Release */,
			);
			defaultConfigurationIsVisible = 0;
			defaultConfigurationName = Release;
		};
		440B91C42A62CA53005DC20F /* Build configuration list for PBXNativeTarget "TillTotalTests" */ = {
			isa = XCConfigurationList;
			buildConfigurations = (
				440B91C52A62CA53005DC20F /* Debug */,
				440B91C62A62CA53005DC20F /* Release */,
			);
			defaultConfigurationIsVisible = 0;
			defaultConfigurationName = Release;
		};
/* End XCConfigurationList section */
	};
	rootObject = 440B91952A62CA52005DC20F /* Project object */;
}
